
Microsoft Visual Studio Solution File, Format Version 10.00
# Visual Studio 2008
Project("{8BC9CEB8-8B4A-11D0-8D11-00A0C91BC942}") = "LiteGL", "LiteGL.vcproj", "{FA0B87F5-223C-48A0-B5FE-4119672ABAA6}"
EndProject
Project("{8BC9CEB8-8B4A-11D0-8D11-00A0C91BC942}") = "texture2d", "examples\texture2d\texture2d.vcproj", "{5802E963-2FC1-45BE-94B1-C20F733F7C89}"
	ProjectSection(ProjectDependencies) = postProject
		{FA0B87F5-223C-48A0-B5FE-4119672ABAA6} = {FA0B87F5-223C-48A0-B5FE-4119672ABAA6}
	EndProjectSection
EndProject
Project("{8BC9CEB8-8B4A-11D0-8D11-00A0C91BC942}") = "cubePick", "examples\cubePick\cubePick.vcproj", "{54C0C419-9017-4048-A73C-65BD346E74F6}"
	ProjectSection(ProjectDependencies) = postProject
		{FA0B87F5-223C-48A0-B5FE-4119672ABAA6} = {FA0B87F5-223C-48A0-B5FE-4119672ABAA6}
	EndProjectSection
EndProject
Project("{8BC9CEB8-8B4A-11D0-8D11-00A0C91BC942}") = "shader", "examples\shader\shader.vcproj", "{7A2C9E72-F54A-41F6-ABFC-CFBBA7356A4B}"
	ProjectSection(ProjectDependencies) = postProject
		{E9329D4B-4583-42C4-8109-5187FA356D19} = {E9329D4B-4583-42C4-8109-5187FA356D19}
		{FA0B87F5-223C-48A0-B5FE-4119672ABAA6} = {FA0B87F5-223C-48A0-B5FE-4119672ABAA6}
	EndProjectSection
EndProject
Project("{8BC9CEB8-8B4A-11D0-8D11-00A0C91BC942}") = "LnImg", "..\LiteNice\LnImg\LnImg.vcproj", "{E9329D4B-4583-42C4-8109-5187FA356D19}"
EndProject
Project("{8BC9CEB8-8B4A-11D0-8D11-00A0C91BC942}") = "LnWin", "..\LiteNice\LnWin\LnWin.vcproj", "{D2E6DEFA-267C-4935-BB09-CFD92B551704}"
EndProject
Project("{8BC9CEB8-8B4A-11D0-8D11-00A0C91BC942}") = "freeglut", "freeglut-2.6.0\VisualStudio2008\freeglut.vcproj", "{1AE4E979-0D35-4747-BF8E-DD60358F49DB}"
EndProject
Project("{8BC9CEB8-8B4A-11D0-8D11-00A0C91BC942}") = "LnCore", "..\LiteNice\LnCore\LnCore.vcproj", "{BD478631-7259-44E8-971F-B5DE8EAE1309}"
EndProject
Global
	GlobalSection(SolutionConfigurationPlatforms) = preSolution
		Debug|Win32 = Debug|Win32
		Release|Win32 = Release|Win32
	EndGlobalSection
	GlobalSection(ProjectConfigurationPlatforms) = postSolution
		{FA0B87F5-223C-48A0-B5FE-4119672ABAA6}.Debug|Win32.ActiveCfg = Debug|Win32
		{FA0B87F5-223C-48A0-B5FE-4119672ABAA6}.Debug|Win32.Build.0 = Debug|Win32
		{FA0B87F5-223C-48A0-B5FE-4119672ABAA6}.Release|Win32.ActiveCfg = Release|Win32
		{FA0B87F5-223C-48A0-B5FE-4119672ABAA6}.Release|Win32.Build.0 = Release|Win32
		{5802E963-2FC1-45BE-94B1-C20F733F7C89}.Debug|Win32.ActiveCfg = Debug|Win32
		{5802E963-2FC1-45BE-94B1-C20F733F7C89}.Debug|Win32.Build.0 = Debug|Win32
		{5802E963-2FC1-45BE-94B1-C20F733F7C89}.Release|Win32.ActiveCfg = Release|Win32
		{5802E963-2FC1-45BE-94B1-C20F733F7C89}.Release|Win32.Build.0 = Release|Win32
		{54C0C419-9017-4048-A73C-65BD346E74F6}.Debug|Win32.ActiveCfg = Debug|Win32
		{54C0C419-9017-4048-A73C-65BD346E74F6}.Debug|Win32.Build.0 = Debug|Win32
		{54C0C419-9017-4048-A73C-65BD346E74F6}.Release|Win32.ActiveCfg = Release|Win32
		{54C0C419-9017-4048-A73C-65BD346E74F6}.Release|Win32.Build.0 = Release|Win32
		{7A2C9E72-F54A-41F6-ABFC-CFBBA7356A4B}.Debug|Win32.ActiveCfg = Debug|Win32
		{7A2C9E72-F54A-41F6-ABFC-CFBBA7356A4B}.Debug|Win32.Build.0 = Debug|Win32
		{7A2C9E72-F54A-41F6-ABFC-CFBBA7356A4B}.Release|Win32.ActiveCfg = Release|Win32
		{7A2C9E72-F54A-41F6-ABFC-CFBBA7356A4B}.Release|Win32.Build.0 = Release|Win32
		{E9329D4B-4583-42C4-8109-5187FA356D19}.Debug|Win32.ActiveCfg = Debug|Win32
		{E9329D4B-4583-42C4-8109-5187FA356D19}.Debug|Win32.Build.0 = Debug|Win32
		{E9329D4B-4583-42C4-8109-5187FA356D19}.Release|Win32.ActiveCfg = Release|Win32
		{E9329D4B-4583-42C4-8109-5187FA356D19}.Release|Win32.Build.0 = Release|Win32
		{D2E6DEFA-267C-4935-BB09-CFD92B551704}.Debug|Win32.ActiveCfg = Debug|Win32
		{D2E6DEFA-267C-4935-BB09-CFD92B551704}.Debug|Win32.Build.0 = Debug|Win32
		{D2E6DEFA-267C-4935-BB09-CFD92B551704}.Release|Win32.ActiveCfg = Release|Win32
		{D2E6DEFA-267C-4935-BB09-CFD92B551704}.Release|Win32.Build.0 = Release|Win32
		{1AE4E979-0D35-4747-BF8E-DD60358F49DB}.Debug|Win32.ActiveCfg = Debug|Win32
		{1AE4E979-0D35-4747-BF8E-DD60358F49DB}.Debug|Win32.Build.0 = Debug|Win32
		{1AE4E979-0D35-4747-BF8E-DD60358F49DB}.Release|Win32.ActiveCfg = Release|Win32
		{1AE4E979-0D35-4747-BF8E-DD60358F49DB}.Release|Win32.Build.0 = Release|Win32
		{BD478631-7259-44E8-971F-B5DE8EAE1309}.Debug|Win32.ActiveCfg = Debug|Win32
		{BD478631-7259-44E8-971F-B5DE8EAE1309}.Debug|Win32.Build.0 = Debug|Win32
		{BD478631-7259-44E8-971F-B5DE8EAE1309}.Release|Win32.ActiveCfg = Release|Win32
		{BD478631-7259-44E8-971F-B5DE8EAE1309}.Release|Win32.Build.0 = Release|Win32
	EndGlobalSection
	GlobalSection(SolutionProperties) = preSolution
		HideSolutionNode = FALSE
	EndGlobalSection
EndGlobal
